{
    "_readme": [
        "This file locks the dependencies of your project to a known state",
        "Read more about it at http://getcomposer.org/doc/01-basic-usage.md#composer-lock-the-lock-file",
        "This file is @generated automatically"
    ],
    "hash": "9289ed5f5ee00219b8a84b55ec6c4d62",
    "packages": [
        {
            "name": "symfony/console",
            "version": "v2.5.0",
            "target-dir": "Symfony/Component/Console",
            "source": {
                "type": "git",
                "url": "https://github.com/symfony/Console.git",
                "reference": "ef4ca73b0b3a10cbac653d3ca482d0cdd4502b2c"
            },
            "dist": {
                "type": "zip",
                "url": "https://api.github.com/repos/symfony/Console/zipball/ef4ca73b0b3a10cbac653d3ca482d0cdd4502b2c",
                "reference": "ef4ca73b0b3a10cbac653d3ca482d0cdd4502b2c",
                "shasum": ""
            },
            "require": {
                "php": ">=5.3.3"
            },
            "require-dev": {
                "psr/log": "~1.0",
                "symfony/event-dispatcher": "~2.1"
            },
            "suggest": {
                "psr/log": "For using the console logger",
                "symfony/event-dispatcher": ""
            },
            "type": "library",
            "extra": {
                "branch-alias": {
                    "dev-master": "2.5-dev"
                }
            },
            "autoload": {
                "psr-0": {
                    "Symfony\\Component\\Console\\": ""
                }
            },
            "notification-url": "https://packagist.org/downloads/",
            "license": [
                "MIT"
            ],
            "authors": [
                {
                    "name": "Fabien Potencier",
                    "email": "fabien@symfony.com",
                    "homepage": "http://fabien.potencier.org",
                    "role": "Lead Developer"
                },
                {
                    "name": "Symfony Community",
                    "homepage": "http://symfony.com/contributors"
                }
            ],
            "description": "Symfony Console Component",
            "homepage": "http://symfony.com",
            "time": "2014-05-22 08:54:24"
        }
    ],
    "packages-dev": [
        {
            "name": "indeyets/pake",
            "version": "1.99.3",
            "source": {
                "type": "git",
                "url": "https://github.com/indeyets/pake.git",
                "reference": "410d0d5c18bb3438d323570fdb502402aa7a1aba"
            },
            "dist": {
                "type": "zip",
                "url": "https://api.github.com/repos/indeyets/pake/zipball/410d0d5c18bb3438d323570fdb502402aa7a1aba",
                "reference": "410d0d5c18bb3438d323570fdb502402aa7a1aba",
                "shasum": ""
            },
            "require": {
                "ext-mbstring": "*",
                "php": ">=5.2.1"
            },
            "require-dev": {
                "simpletest/simpletest": "1.1.*"
            },
            "suggest": {
                "ext-bz2": "*",
                "ext-pcntl": "*",
                "ext-phar": "*",
                "ext-posix": "*",
                "ext-zlib": "*",
                "phing/phing": "2.4.*",
                "simpletest/simpletest": "1.1.*"
            },
            "bin": [
                "bin/pake"
            ],
            "type": "library",
            "autoload": {
                "files": [
                    "lib/pake/autoload.php"
                ]
            },
            "notification-url": "https://packagist.org/downloads/",
            "license": [
                "MIT"
            ],
            "authors": [
                {
                    "name": "Fabien Potencier",
                    "email": "fabien.potencier@symfony-project.org",
                    "homepage": "http://fabien.potencier.org/",
                    "role": "Developer"
                },
                {
                    "name": "Alexey Zakhlestin",
                    "email": "indeyets@gmail.com",
                    "homepage": "https://indeyets.ru/",
                    "role": "Developer"
                }
            ],
            "description": "PHP automation tool inspired by Rake",
            "homepage": "https://github.com/indeyets/pake/wiki",
            "keywords": [
                "automation",
                "build",
                "task"
            ],
            "time": "2013-11-04 08:29:46"
        }
    ],
    "aliases": [

    ],
    "minimum-stability": "stable",
    "stability-flags": [

    ],
    "platform": {
        "php": ">= 5.3.3"
    },
    "platform-dev": [

    ]
}
